
Microsoft Visual Studio Solution File, Format Version 12.00
# Visual Studio 15
VisualStudioVersion = 15.0.28010.2019
MinimumVisualStudioVersion = 10.0.40219.1
Project("{FAE04EC0-301F-11D3-BF4B-00C04F79EFBC}") = "Presentacion", "Presentacion\Presentacion.csproj", "{10E47B2D-68DB-4CEA-9352-C1CCF88F14F0}"
EndProject
Project("{FAE04EC0-301F-11D3-BF4B-00C04F79EFBC}") = "Negocio", "Negocio\Negocio.csproj", "{92E23962-32F7-4E96-A4E9-F0CAD54E23C8}"
EndProject
Project("{FAE04EC0-301F-11D3-BF4B-00C04F79EFBC}") = "Modelo", "Modelo\Modelo.csproj", "{C26BEAE3-8CB0-40BF-B33C-72ED4B4638EE}"
EndProject
Global
	GlobalSection(SolutionConfigurationPlatforms) = preSolution
		Debug|Any CPU = Debug|Any CPU
		Release|Any CPU = Release|Any CPU
	EndGlobalSection
	GlobalSection(ProjectConfigurationPlatforms) = postSolution
		{10E47B2D-68DB-4CEA-9352-C1CCF88F14F0}.Debug|Any CPU.ActiveCfg = Debug|Any CPU
		{10E47B2D-68DB-4CEA-9352-C1CCF88F14F0}.Debug|Any CPU.Build.0 = Debug|Any CPU
		{10E47B2D-68DB-4CEA-9352-C1CCF88F14F0}.Release|Any CPU.ActiveCfg = Release|Any CPU
		{10E47B2D-68DB-4CEA-9352-C1CCF88F14F0}.Release|Any CPU.Build.0 = Release|Any CPU
		{92E23962-32F7-4E96-A4E9-F0CAD54E23C8}.Debug|Any CPU.ActiveCfg = Debug|Any CPU
		{92E23962-32F7-4E96-A4E9-F0CAD54E23C8}.Debug|Any CPU.Build.0 = Debug|Any CPU
		{92E23962-32F7-4E96-A4E9-F0CAD54E23C8}.Release|Any CPU.ActiveCfg = Release|Any CPU
		{92E23962-32F7-4E96-A4E9-F0CAD54E23C8}.Release|Any CPU.Build.0 = Release|Any CPU
		{C26BEAE3-8CB0-40BF-B33C-72ED4B4638EE}.Debug|Any CPU.ActiveCfg = Debug|Any CPU
		{C26BEAE3-8CB0-40BF-B33C-72ED4B4638EE}.Debug|Any CPU.Build.0 = Debug|Any CPU
		{C26BEAE3-8CB0-40BF-B33C-72ED4B4638EE}.Release|Any CPU.ActiveCfg = Release|Any CPU
		{C26BEAE3-8CB0-40BF-B33C-72ED4B4638EE}.Release|Any CPU.Build.0 = Release|Any CPU
	EndGlobalSection
	GlobalSection(SolutionProperties) = preSolution
		HideSolutionNode = FALSE
	EndGlobalSection
	GlobalSection(ExtensibilityGlobals) = postSolution
		SolutionGuid = {95322909-71FB-497A-86D5-6C423C821A69}
	EndGlobalSection
EndGlobal
